// !$*UTF8*$!
{
	archiveVersion = 1;
	classes = {
	};
	objectVersion = 48;
	objects = {

/* Begin PBXBuildFile section */
		E213D0F41FB27B1C00F9B663 /* AppDelegate.swift in Sources */ = {isa = PBXBuildFile; fileRef = E213D0F31FB27B1C00F9B663 /* AppDelegate.swift */; };
		E213D0F61FB27B1C00F9B663 /* ViewController.swift in Sources */ = {isa = PBXBuildFile; fileRef = E213D0F51FB27B1C00F9B663 /* ViewController.swift */; };
		E213D0F91FB27B1C00F9B663 /* Main.storyboard in Resources */ = {isa = PBXBuildFile; fileRef = E213D0F71FB27B1C00F9B663 /* Main.storyboard */; };
		E213D0FB1FB27B1C00F9B663 /* Assets.xcassets in Resources */ = {isa = PBXBuildFile; fileRef = E213D0FA1FB27B1C00F9B663 /* Assets.xcassets */; };
		E213D0FE1FB27B1C00F9B663 /* LaunchScreen.storyboard in Resources */ = {isa = PBXBuildFile; fileRef = E213D0FC1FB27B1C00F9B663 /* LaunchScreen.storyboard */; };
		E213D1091FB27B1C00F9B663 /* FoodTrackerTests.swift in Sources */ = {isa = PBXBuildFile; fileRef = E213D1081FB27B1C00F9B663 /* FoodTrackerTests.swift */; };
/* End PBXBuildFile section */

/* Begin PBXContainerItemProxy section */
		E213D1051FB27B1C00F9B663 /* PBXContainerItemProxy */ = {
			isa = PBXContainerItemProxy;
			containerPortal = E213D0E81FB27B1C00F9B663 /* Project object */;
			proxyType = 1;
			remoteGlobalIDString = E213D0EF1FB27B1C00F9B663;
			remoteInfo = FoodTracker;
		};
/* End PBXContainerItemProxy section */

/* Begin PBXFileReference section */
		E213D0F01FB27B1C00F9B663 /* FoodTracker.app */ = {isa = PBXFileReference; explicitFileType = wrapper.application; includeInIndex = 0; path = FoodTracker.app; sourceTree = BUILT_PRODUCTS_DIR; };
		E213D0F31FB27B1C00F9B663 /* AppDelegate.swift */ = {isa = PBXFileReference; lastKnownFileType = sourcecode.swift; path = AppDelegate.swift; sourceTree = "<group>"; };
		E213D0F51FB27B1C00F9B663 /* ViewController.swift */ = {isa = PBXFileReference; lastKnownFileType = sourcecode.swift; path = ViewController.swift; sourceTree = "<group>"; };
		E213D0F81FB27B1C00F9B663 /* Base */ = {isa = PBXFileReference; lastKnownFileType = file.storyboard; name = Base; path = Base.lproj/Main.storyboard; sourceTree = "<group>"; };
		E213D0FA1FB27B1C00F9B663 /* Assets.xcassets */ = {isa = PBXFileReference; lastKnownFileType = folder.assetcatalog; path = Assets.xcassets; sourceTree = "<group>"; };
		E213D0FD1FB27B1C00F9B663 /* Base */ = {isa = PBXFileReference; lastKnownFileType = file.storyboard; name = Base; path = Base.lproj/LaunchScreen.storyboard; sourceTree = "<group>"; };
		E213D0FF1FB27B1C00F9B663 /* Info.plist */ = {isa = PBXFileReference; lastKnownFileType = text.plist.xml; path = Info.plist; sourceTree = "<group>"; };
		E213D1041FB27B1C00F9B663 /* FoodTrackerTests.xctest */ = {isa = PBXFileReference; explicitFileType = wrapper.cfbundle; includeInIndex = 0; path = FoodTrackerTests.xctest; sourceTree = BUILT_PRODUCTS_DIR; };
		E213D1081FB27B1C00F9B663 /* FoodTrackerTests.swift */ = {isa = PBXFileReference; lastKnownFileType = sourcecode.swift; path = FoodTrackerTests.swift; sourceTree = "<group>"; };
		E213D10A1FB27B1C00F9B663 /* Info.plist */ = {isa = PBXFileReference; lastKnownFileType = text.plist.xml; path = Info.plist; sourceTree = "<group>"; };
/* End PBXFileReference section */

/* Begin PBXFrameworksBuildPhase section */
		E213D0ED1FB27B1C00F9B663 /* Frameworks */ = {
			isa = PBXFrameworksBuildPhase;
			buildActionMask = 2147483647;
			files = (
			);
			runOnlyForDeploymentPostprocessing = 0;
		};
		E213D1011FB27B1C00F9B663 /* Frameworks */ = {
			isa = PBXFrameworksBuildPhase;
			buildActionMask = 2147483647;
			files = (
			);
			runOnlyForDeploymentPostprocessing = 0;
		};
/* End PBXFrameworksBuildPhase section */

/* Begin PBXGroup section */
		E213D0E71FB27B1C00F9B663 = {
			isa = PBXGroup;
			children = (
				E213D0F21FB27B1C00F9B663 /* FoodTracker */,
				E213D1071FB27B1C00F9B663 /* FoodTrackerTests */,
				E213D0F11FB27B1C00F9B663 /* Products */,
			);
			sourceTree = "<group>";
		};
		E213D0F11FB27B1C00F9B663 /* Products */ = {
			isa = PBXGroup;
			children = (
				E213D0F01FB27B1C00F9B663 /* FoodTracker.app */,
				E213D1041FB27B1C00F9B663 /* FoodTrackerTests.xctest */,
			);
			name = Products;
			sourceTree = "<group>";
		};
		E213D0F21FB27B1C00F9B663 /* FoodTracker */ = {
			isa = PBXGroup;
			children = (
				E213D0F31FB27B1C00F9B663 /* AppDelegate.swift */,
				E213D0F51FB27B1C00F9B663 /* ViewController.swift */,
				E213D0F71FB27B1C00F9B663 /* Main.storyboard */,
				E213D0FA1FB27B1C00F9B663 /* Assets.xcassets */,
				E213D0FC1FB27B1C00F9B663 /* LaunchScreen.storyboard */,
				E213D0FF1FB27B1C00F9B663 /* Info.plist */,
			);
			path = FoodTracker;
			sourceTree = "<group>";
		};
		E213D1071FB27B1C00F9B663 /* FoodTrackerTests */ = {
			isa = PBXGroup;
			children = (
				E213D1081FB27B1C00F9B663 /* FoodTrackerTests.swift */,
				E213D10A1FB27B1C00F9B663 /* Info.plist */,
			);
			path = FoodTrackerTests;
			sourceTree = "<group>";
		};
/* End PBXGroup section */

/* Begin PBXNativeTarget section */
		E213D0EF1FB27B1C00F9B663 /* FoodTracker */ = {
			isa = PBXNativeTarget;
			buildConfigurationList = E213D10D1FB27B1C00F9B663 /* Build configuration list for PBXNativeTarget "FoodTracker" */;
			buildPhases = (
				E213D0EC1FB27B1C00F9B663 /* Sources */,
				E213D0ED1FB27B1C00F9B663 /* Frameworks */,
				E213D0EE1FB27B1C00F9B663 /* Resources */,
			);
			buildRules = (
			);
			dependencies = (
			);
			name = FoodTracker;
			productName = FoodTracker;
			productReference = E213D0F01FB27B1C00F9B663 /* FoodTracker.app */;
			productType = "com.apple.product-type.application";
		};
		E213D1031FB27B1C00F9B663 /* FoodTrackerTests */ = {
			isa = PBXNativeTarget;
			buildConfigurationList = E213D1101FB27B1C00F9B663 /* Build configuration list for PBXNativeTarget "FoodTrackerTests" */;
			buildPhases = (
				E213D1001FB27B1C00F9B663 /* Sources */,
				E213D1011FB27B1C00F9B663 /* Frameworks */,
				E213D1021FB27B1C00F9B663 /* Resources */,
			);
			buildRules = (
			);
			dependencies = (
				E213D1061FB27B1C00F9B663 /* PBXTargetDependency */,
			);
			name = FoodTrackerTests;
			productName = FoodTrackerTests;
			productReference = E213D1041FB27B1C00F9B663 /* FoodTrackerTests.xctest */;
			productType = "com.apple.product-type.bundle.unit-test";
		};
/* End PBXNativeTarget section */

/* Begin PBXProject section */
		E213D0E81FB27B1C00F9B663 /* Project object */ = {
			isa = PBXProject;
			attributes = {
				LastSwiftUpdateCheck = 0900;
				LastUpgradeCheck = 0900;
				ORGANIZATIONNAME = "Deitel and Associates , Inc";
				TargetAttributes = {
					E213D0EF1FB27B1C00F9B663 = {
						CreatedOnToolsVersion = 9.0.1;
						ProvisioningStyle = Automatic;
					};
					E213D1031FB27B1C00F9B663 = {
						CreatedOnToolsVersion = 9.0.1;
						ProvisioningStyle = Automatic;
						TestTargetID = E213D0EF1FB27B1C00F9B663;
					};
				};
			};
			buildConfigurationList = E213D0EB1FB27B1C00F9B663 /* Build configuration list for PBXProject "FoodTracker" */;
			compatibilityVersion = "Xcode 8.0";
			developmentRegion = en;
			hasScannedForEncodings = 0;
			knownRegions = (
				en,
				Base,
			);
			mainGroup = E213D0E71FB27B1C00F9B663;
			productRefGroup = E213D0F11FB27B1C00F9B663 /* Products */;
			projectDirPath = "";
			projectRoot = "";
			targets = (
				E213D0EF1FB27B1C00F9B663 /* FoodTracker */,
				E213D1031FB27B1C00F9B663 /* FoodTrackerTests */,
			);
		};
/* End PBXProject section */

/* Begin PBXResourcesBuildPhase section */
		E213D0EE1FB27B1C00F9B663 /* Resources */ = {
			isa = PBXResourcesBuildPhase;
			buildActionMask = 2147483647;
			files = (
				E213D0FE1FB27B1C00F9B663 /* LaunchScreen.storyboard in Resources */,
				E213D0FB1FB27B1C00F9B663 /* Assets.xcassets in Resources */,
				E213D0F91FB27B1C00F9B663 /* Main.storyboard in Resources */,
			);
			runOnlyForDeploymentPostprocessing = 0;
		};
		E213D1021FB27B1C00F9B663 /* Resources */ = {
			isa = PBXResourcesBuildPhase;
			buildActionMask = 2147483647;
			files = (
			);
			runOnlyForDeploymentPostprocessing = 0;
		};
/* End PBXResourcesBuildPhase section */

/* Begin PBXSourcesBuildPhase section */
		E213D0EC1FB27B1C00F9B663 /* Sources */ = {
			isa = PBXSourcesBuildPhase;
			buildActionMask = 2147483647;
			files = (
				E213D0F61FB27B1C00F9B663 /* ViewController.swift in Sources */,
				E213D0F41FB27B1C00F9B663 /* AppDelegate.swift in Sources */,
			);
			runOnlyForDeploymentPostprocessing = 0;
		};
		E213D1001FB27B1C00F9B663 /* Sources */ = {
			isa = PBXSourcesBuildPhase;
			buildActionMask = 2147483647;
			files = (
				E213D1091FB27B1C00F9B663 /* FoodTrackerTests.swift in Sources */,
			);
			runOnlyForDeploymentPostprocessing = 0;
		};
/* End PBXSourcesBuildPhase section */

/* Begin PBXTargetDependency section */
		E213D1061FB27B1C00F9B663 /* PBXTargetDependency */ = {
			isa = PBXTargetDependency;
			target = E213D0EF1FB27B1C00F9B663 /* FoodTracker */;
			targetProxy = E213D1051FB27B1C00F9B663 /* PBXContainerItemProxy */;
		};
/* End PBXTargetDependency section */

/* Begin PBXVariantGroup section */
		E213D0F71FB27B1C00F9B663 /* Main.storyboard */ = {
			isa = PBXVariantGroup;
			children = (
				E213D0F81FB27B1C00F9B663 /* Base */,
			);
			name = Main.storyboard;
			sourceTree = "<group>";
		};
		E213D0FC1FB27B1C00F9B663 /* LaunchScreen.storyboard */ = {
			isa = PBXVariantGroup;
			children = (
				E213D0FD1FB27B1C00F9B663 /* Base */,
			);
			name = LaunchScreen.storyboard;
			sourceTree = "<group>";
		};
/* End PBXVariantGroup section */

/* Begin XCBuildConfiguration section */
		E213D10B1FB27B1C00F9B663 /* Debug */ = {
			isa = XCBuildConfiguration;
			buildSettings = {
				ALWAYS_SEARCH_USER_PATHS = NO;
				CLANG_ANALYZER_NONNULL = YES;
				CLANG_ANALYZER_NUMBER_OBJECT_CONVERSION = YES_AGGRESSIVE;
				CLANG_CXX_LANGUAGE_STANDARD = "gnu++14";
				CLANG_CXX_LIBRARY = "libc++";
				CLANG_ENABLE_MODULES = YES;
				CLANG_ENABLE_OBJC_ARC = YES;
				CLANG_WARN_BLOCK_CAPTURE_AUTORELEASING = YES;
				CLANG_WARN_BOOL_CONVERSION = YES;
				CLANG_WARN_COMMA = YES;
				CLANG_WARN_CONSTANT_CONVERSION = YES;
				CLANG_WARN_DIRECT_OBJC_ISA_USAGE = YES_ERROR;
				CLANG_WARN_DOCUMENTATION_COMMENTS = YES;
				CLANG_WARN_EMPTY_BODY = YES;
				CLANG_WARN_ENUM_CONVERSION = YES;
				CLANG_WARN_INFINITE_RECURSION = YES;
				CLANG_WARN_INT_CONVERSION = YES;
				CLANG_WARN_NON_LITERAL_NULL_CONVERSION = YES;
				CLANG_WARN_OBJC_LITERAL_CONVERSION = YES;
				CLANG_WARN_OBJC_ROOT_CLASS = YES_ERROR;
				CLANG_WARN_RANGE_LOOP_ANALYSIS = YES;
				CLANG_WARN_STRICT_PROTOTYPES = YES;
				CLANG_WARN_SUSPICIOUS_MOVE = YES;
				CLANG_WARN_UNGUARDED_AVAILABILITY = YES_AGGRESSIVE;
				CLANG_WARN_UNREACHABLE_CODE = YES;
				CLANG_WARN__DUPLICATE_METHOD_MATCH = YES;
				CODE_SIGN_IDENTITY = "iPhone Developer";
				COPY_PHASE_STRIP = NO;
				DEBUG_INFORMATION_FORMAT = dwarf;
				ENABLE_STRICT_OBJC_MSGSEND = YES;
				ENABLE_TESTABILITY = YES;
				GCC_C_LANGUAGE_STANDARD = gnu11;
				GCC_DYNAMIC_NO_PIC = NO;
				GCC_NO_COMMON_BLOCKS = YES;
				GCC_OPTIMIZATION_LEVEL = 0;
				GCC_PREPROCESSOR_DEFINITIONS = (
					"DEBUG=1",
					"$(inherited)",
				);
				GCC_WARN_64_TO_32_BIT_CONVERSION = YES;
				GCC_WARN_ABOUT_RETURN_TYPE = YES_ERROR;
				GCC_WARN_UNDECLARED_SELECTOR = YES;
				GCC_WARN_UNINITIALIZED_AUTOS = YES_AGGRESSIVE;
				GCC_WARN_UNUSED_FUNCTION = YES;
				GCC_WARN_UNUSED_VARIABLE = YES;
				IPHONEOS_DEPLOYMENT_TARGET = 11.0;
				MTL_ENABLE_DEBUG_INFO = YES;
				ONLY_ACTIVE_ARCH = YES;
				SDKROOT = iphoneos;
				SWIFT_ACTIVE_COMPILATION_CONDITIONS = DEBUG;
				SWIFT_OPTIMIZATION_LEVEL = "-Onone";
			};
			name = Debug;
		};
		E213D10C1FB27B1C00F9B663 /* Release */ = {
			isa = XCBuildConfiguration;
			buildSettings = {
				ALWAYS_SEARCH_USER_PATHS = NO;
				CLANG_ANALYZER_NONNULL = YES;
				CLANG_ANALYZER_NUMBER_OBJECT_CONVERSION = YES_AGGRESSIVE;
				CLANG_CXX_LANGUAGE_STANDARD = "gnu++14";
				CLANG_CXX_LIBRARY = "libc++";
				CLANG_ENABLE_MODULES = YES;
				CLANG_ENABLE_OBJC_ARC = YES;
				CLANG_WARN_BLOCK_CAPTURE_AUTORELEASING = YES;
				CLANG_WARN_BOOL_CONVERSION = YES;
				CLANG_WARN_COMMA = YES;
				CLANG_WARN_CONSTANT_CONVERSION = YES;
				CLANG_WARN_DIRECT_OBJC_ISA_USAGE = YES_ERROR;
				CLANG_WARN_DOCUMENTATION_COMMENTS = YES;
				CLANG_WARN_EMPTY_BODY = YES;
				CLANG_WARN_ENUM_CONVERSION = YES;
				CLANG_WARN_INFINITE_RECURSION = YES;
				CLANG_WARN_INT_CONVERSION = YES;
				CLANG_WARN_NON_LITERAL_NULL_CONVERSION = YES;
				CLANG_WARN_OBJC_LITERAL_CONVERSION = YES;
				CLANG_WARN_OBJC_ROOT_CLASS = YES_ERROR;
				CLANG_WARN_RANGE_LOOP_ANALYSIS = YES;
				CLANG_WARN_STRICT_PROTOTYPES = YES;
				CLANG_WARN_SUSPICIOUS_MOVE = YES;
				CLANG_WARN_UNGUARDED_AVAILABILITY = YES_AGGRESSIVE;
				CLANG_WARN_UNREACHABLE_CODE = YES;
				CLANG_WARN__DUPLICATE_METHOD_MATCH = YES;
				CODE_SIGN_IDENTITY = "iPhone Developer";
				COPY_PHASE_STRIP = NO;
				DEBUG_INFORMATION_FORMAT = "dwarf-with-dsym";
				ENABLE_NS_ASSERTIONS = NO;
				ENABLE_STRICT_OBJC_MSGSEND = YES;
				GCC_C_LANGUAGE_STANDARD = gnu11;
				GCC_NO_COMMON_BLOCKS = YES;
				GCC_WARN_64_TO_32_BIT_CONVERSION = YES;
				GCC_WARN_ABOUT_RETURN_TYPE = YES_ERROR;
				GCC_WARN_UNDECLARED_SELECTOR = YES;
				GCC_WARN_UNINITIALIZED_AUTOS = YES_AGGRESSIVE;
				GCC_WARN_UNUSED_FUNCTION = YES;
				GCC_WARN_UNUSED_VARIABLE = YES;
				IPHONEOS_DEPLOYMENT_TARGET = 11.0;
				MTL_ENABLE_DEBUG_INFO = NO;
				SDKROOT = iphoneos;
				SWIFT_OPTIMIZATION_LEVEL = "-Owholemodule";
				VALIDATE_PRODUCT = YES;
			};
			name = Release;
		};
		E213D10E1FB27B1C00F9B663 /* Debug */ = {
			isa = XCBuildConfiguration;
			buildSettings = {
				ASSETCATALOG_COMPILER_APPICON_NAME = AppIcon;
				CODE_SIGN_STYLE = Automatic;
				INFOPLIST_FILE = FoodTracker/Info.plist;
				LD_RUNPATH_SEARCH_PATHS = "$(inherited) @executable_path/Frameworks";
				PRODUCT_BUNDLE_IDENTIFIER = "com.-deitel.FoodTracker";
				PRODUCT_NAME = "$(TARGET_NAME)";
				SWIFT_VERSION = 4.0;
				TARGETED_DEVICE_FAMILY = "1,2";
			};
			name = Debug;
		};
		E213D10F1FB27B1C00F9B663 /* Release */ = {
			isa = XCBuildConfiguration;
			buildSettings = {
				ASSETCATALOG_COMPILER_APPICON_NAME = AppIcon;
				CODE_SIGN_STYLE = Automatic;
				INFOPLIST_FILE = FoodTracker/Info.plist;
				LD_RUNPATH_SEARCH_PATHS = "$(inherited) @executable_path/Frameworks";
				PRODUCT_BUNDLE_IDENTIFIER = "com.-deitel.FoodTracker";
				PRODUCT_NAME = "$(TARGET_NAME)";
				SWIFT_VERSION = 4.0;
				TARGETED_DEVICE_FAMILY = "1,2";
			};
			name = Release;
		};
		E213D1111FB27B1C00F9B663 /* Debug */ = {
			isa = XCBuildConfiguration;
			buildSettings = {
				ALWAYS_EMBED_SWIFT_STANDARD_LIBRARIES = YES;
				BUNDLE_LOADER = "$(TEST_HOST)";
				CODE_SIGN_STYLE = Automatic;
				INFOPLIST_FILE = FoodTrackerTests/Info.plist;
				LD_RUNPATH_SEARCH_PATHS = "$(inherited) @executable_path/Frameworks @loader_path/Frameworks";
				PRODUCT_BUNDLE_IDENTIFIER = "com.-deitel.FoodTrackerTests";
				PRODUCT_NAME = "$(TARGET_NAME)";
				SWIFT_VERSION = 4.0;
				TARGETED_DEVICE_FAMILY = "1,2";
				TEST_HOST = "$(BUILT_PRODUCTS_DIR)/FoodTracker.app/FoodTracker";
			};
			name = Debug;
		};
		E213D1121FB27B1C00F9B663 /* Release */ = {
			isa = XCBuildConfiguration;
			buildSettings = {
				ALWAYS_EMBED_SWIFT_STANDARD_LIBRARIES = YES;
				BUNDLE_LOADER = "$(TEST_HOST)";
				CODE_SIGN_STYLE = Automatic;
				INFOPLIST_FILE = FoodTrackerTests/Info.plist;
				LD_RUNPATH_SEARCH_PATHS = "$(inherited) @executable_path/Frameworks @loader_path/Frameworks";
				PRODUCT_BUNDLE_IDENTIFIER = "com.-deitel.FoodTrackerTests";
				PRODUCT_NAME = "$(TARGET_NAME)";
				SWIFT_VERSION = 4.0;
				TARGETED_DEVICE_FAMILY = "1,2";
				TEST_HOST = "$(BUILT_PRODUCTS_DIR)/FoodTracker.app/FoodTracker";
			};
			name = Release;
		};
/* End XCBuildConfiguration section */

/* Begin XCConfigurationList section */
		E213D0EB1FB27B1C00F9B663 /* Build configuration list for PBXProject "FoodTracker" */ = {
			isa = XCConfigurationList;
			buildConfigurations = (
				E213D10B1FB27B1C00F9B663 /* Debug */,
				E213D10C1FB27B1C00F9B663 /* Release */,
			);
			defaultConfigurationIsVisible = 0;
			defaultConfigurationName = Release;
		};
		E213D10D1FB27B1C00F9B663 /* Build configuration list for PBXNativeTarget "FoodTracker" */ = {
			isa = XCConfigurationList;
			buildConfigurations = (
				E213D10E1FB27B1C00F9B663 /* Debug */,
				E213D10F1FB27B1C00F9B663 /* Release */,
			);
			defaultConfigurationIsVisible = 0;
			defaultConfigurationName = Release;
		};
		E213D1101FB27B1C00F9B663 /* Build configuration list for PBXNativeTarget "FoodTrackerTests" */ = {
			isa = XCConfigurationList;
			buildConfigurations = (
				E213D1111FB27B1C00F9B663 /* Debug */,
				E213D1121FB27B1C00F9B663 /* Release */,
			);
			defaultConfigurationIsVisible = 0;
			defaultConfigurationName = Release;
		};
/* End XCConfigurationList section */
	};
	rootObject = E213D0E81FB27B1C00F9B663 /* Project object */;
}
